// !$*UTF8*$!
{
	archiveVersion = 1;
	classes = {
	};
	objectVersion = 56;
	objects = {

/* Begin PBXBuildFile section */
		FE757CBD2B866B9A00C214B1 /* AppDelegate.swift in Sources */ = {isa = PBXBuildFile; fileRef = FE757CBC2B866B9A00C214B1 /* AppDelegate.swift */; };
		FE757CBF2B866B9A00C214B1 /* SceneDelegate.swift in Sources */ = {isa = PBXBuildFile; fileRef = FE757CBE2B866B9A00C214B1 /* SceneDelegate.swift */; };
		FE757CC12B866B9A00C214B1 /* ViewController.swift in Sources */ = {isa = PBXBuildFile; fileRef = FE757CC02B866B9A00C214B1 /* ViewController.swift */; };
		FE757CC42B866B9A00C214B1 /* Main.storyboard in Resources */ = {isa = PBXBuildFile; fileRef = FE757CC22B866B9A00C214B1 /* Main.storyboard */; };
		FE757CC62B866B9F00C214B1 /* Assets.xcassets in Resources */ = {isa = PBXBuildFile; fileRef = FE757CC52B866B9F00C214B1 /* Assets.xcassets */; };
		FE757CC92B866B9F00C214B1 /* LaunchScreen.storyboard in Resources */ = {isa = PBXBuildFile; fileRef = FE757CC72B866B9F00C214B1 /* LaunchScreen.storyboard */; };
		FE757CD22B866BBB00C214B1 /* Coordinator.swift in Sources */ = {isa = PBXBuildFile; fileRef = FE757CD12B866BBB00C214B1 /* Coordinator.swift */; };
		FE757CD42B866BE400C214B1 /* MainCoordinator.swift in Sources */ = {isa = PBXBuildFile; fileRef = FE757CD32B866BE400C214B1 /* MainCoordinator.swift */; };
		FE757CD82B866DBE00C214B1 /* Movie.swift in Sources */ = {isa = PBXBuildFile; fileRef = FE757CD72B866DBE00C214B1 /* Movie.swift */; };
		FE757CDB2B86723300C214B1 /* MainViewModel.swift in Sources */ = {isa = PBXBuildFile; fileRef = FE757CDA2B86723300C214B1 /* MainViewModel.swift */; };
		FE757CDD2B86739200C214B1 /* MovieCell.swift in Sources */ = {isa = PBXBuildFile; fileRef = FE757CDC2B86739200C214B1 /* MovieCell.swift */; };
		FE757CDF2B86814D00C214B1 /* MovieDetailViewModel.swift in Sources */ = {isa = PBXBuildFile; fileRef = FE757CDE2B86814D00C214B1 /* MovieDetailViewModel.swift */; };
		FE757CE12B86BDB000C214B1 /* MovieDetailViewController.swift in Sources */ = {isa = PBXBuildFile; fileRef = FE757CE02B86BDB000C214B1 /* MovieDetailViewController.swift */; };
		FE757CE32B87C91500C214B1 /* MovieCellViewModel.swift in Sources */ = {isa = PBXBuildFile; fileRef = FE757CE22B87C91500C214B1 /* MovieCellViewModel.swift */; };
/* End PBXBuildFile section */

/* Begin PBXFileReference section */
		FE757CB92B866B9A00C214B1 /* MovieApp.app */ = {isa = PBXFileReference; explicitFileType = wrapper.application; includeInIndex = 0; path = MovieApp.app; sourceTree = BUILT_PRODUCTS_DIR; };
		FE757CBC2B866B9A00C214B1 /* AppDelegate.swift */ = {isa = PBXFileReference; lastKnownFileType = sourcecode.swift; path = AppDelegate.swift; sourceTree = "<group>"; };
		FE757CBE2B866B9A00C214B1 /* SceneDelegate.swift */ = {isa = PBXFileReference; lastKnownFileType = sourcecode.swift; path = SceneDelegate.swift; sourceTree = "<group>"; };
		FE757CC02B866B9A00C214B1 /* ViewController.swift */ = {isa = PBXFileReference; lastKnownFileType = sourcecode.swift; path = ViewController.swift; sourceTree = "<group>"; };
		FE757CC32B866B9A00C214B1 /* Base */ = {isa = PBXFileReference; lastKnownFileType = file.storyboard; name = Base; path = Base.lproj/Main.storyboard; sourceTree = "<group>"; };
		FE757CC52B866B9F00C214B1 /* Assets.xcassets */ = {isa = PBXFileReference; lastKnownFileType = folder.assetcatalog; path = Assets.xcassets; sourceTree = "<group>"; };
		FE757CC82B866B9F00C214B1 /* Base */ = {isa = PBXFileReference; lastKnownFileType = file.storyboard; name = Base; path = Base.lproj/LaunchScreen.storyboard; sourceTree = "<group>"; };
		FE757CCA2B866B9F00C214B1 /* Info.plist */ = {isa = PBXFileReference; lastKnownFileType = text.plist.xml; path = Info.plist; sourceTree = "<group>"; };
		FE757CD12B866BBB00C214B1 /* Coordinator.swift */ = {isa = PBXFileReference; lastKnownFileType = sourcecode.swift; path = Coordinator.swift; sourceTree = "<group>"; };
		FE757CD32B866BE400C214B1 /* MainCoordinator.swift */ = {isa = PBXFileReference; lastKnownFileType = sourcecode.swift; path = MainCoordinator.swift; sourceTree = "<group>"; };
		FE757CD72B866DBE00C214B1 /* Movie.swift */ = {isa = PBXFileReference; lastKnownFileType = sourcecode.swift; path = Movie.swift; sourceTree = "<group>"; };
		FE757CDA2B86723300C214B1 /* MainViewModel.swift */ = {isa = PBXFileReference; lastKnownFileType = sourcecode.swift; path = MainViewModel.swift; sourceTree = "<group>"; };
		FE757CDC2B86739200C214B1 /* MovieCell.swift */ = {isa = PBXFileReference; lastKnownFileType = sourcecode.swift; path = MovieCell.swift; sourceTree = "<group>"; };
		FE757CDE2B86814D00C214B1 /* MovieDetailViewModel.swift */ = {isa = PBXFileReference; lastKnownFileType = sourcecode.swift; path = MovieDetailViewModel.swift; sourceTree = "<group>"; };
		FE757CE02B86BDB000C214B1 /* MovieDetailViewController.swift */ = {isa = PBXFileReference; lastKnownFileType = sourcecode.swift; path = MovieDetailViewController.swift; sourceTree = "<group>"; };
		FE757CE22B87C91500C214B1 /* MovieCellViewModel.swift */ = {isa = PBXFileReference; lastKnownFileType = sourcecode.swift; path = MovieCellViewModel.swift; sourceTree = "<group>"; };
/* End PBXFileReference section */

/* Begin PBXFrameworksBuildPhase section */
		FE757CB62B866B9A00C214B1 /* Frameworks */ = {
			isa = PBXFrameworksBuildPhase;
			buildActionMask = 2147483647;
			files = (
			);
			runOnlyForDeploymentPostprocessing = 0;
		};
/* End PBXFrameworksBuildPhase section */

/* Begin PBXGroup section */
		FE757CB02B866B9A00C214B1 = {
			isa = PBXGroup;
			children = (
				FE757CBB2B866B9A00C214B1 /* MovieApp */,
				FE757CBA2B866B9A00C214B1 /* Products */,
			);
			sourceTree = "<group>";
		};
		FE757CBA2B866B9A00C214B1 /* Products */ = {
			isa = PBXGroup;
			children = (
				FE757CB92B866B9A00C214B1 /* MovieApp.app */,
			);
			name = Products;
			sourceTree = "<group>";
		};
		FE757CBB2B866B9A00C214B1 /* MovieApp */ = {
			isa = PBXGroup;
			children = (
				FE757CBC2B866B9A00C214B1 /* AppDelegate.swift */,
				FE757CBE2B866B9A00C214B1 /* SceneDelegate.swift */,
				FE757CD92B86722300C214B1 /* ViewModel */,
				FE757CD62B866D7600C214B1 /* Model */,
				FE757CD02B866BAE00C214B1 /* Coordinator */,
				FE757CD52B866D5800C214B1 /* ViewController */,
				FE757CC22B866B9A00C214B1 /* Main.storyboard */,
				FE757CC52B866B9F00C214B1 /* Assets.xcassets */,
				FE757CC72B866B9F00C214B1 /* LaunchScreen.storyboard */,
				FE757CCA2B866B9F00C214B1 /* Info.plist */,
			);
			path = MovieApp;
			sourceTree = "<group>";
		};
		FE757CD02B866BAE00C214B1 /* Coordinator */ = {
			isa = PBXGroup;
			children = (
				FE757CD12B866BBB00C214B1 /* Coordinator.swift */,
				FE757CD32B866BE400C214B1 /* MainCoordinator.swift */,
			);
			path = Coordinator;
			sourceTree = "<group>";
		};
		FE757CD52B866D5800C214B1 /* ViewController */ = {
			isa = PBXGroup;
			children = (
				FE757CC02B866B9A00C214B1 /* ViewController.swift */,
				FE757CDC2B86739200C214B1 /* MovieCell.swift */,
				FE757CE02B86BDB000C214B1 /* MovieDetailViewController.swift */,
			);
			path = ViewController;
			sourceTree = "<group>";
		};
		FE757CD62B866D7600C214B1 /* Model */ = {
			isa = PBXGroup;
			children = (
				FE757CD72B866DBE00C214B1 /* Movie.swift */,
			);
			path = Model;
			sourceTree = "<group>";
		};
		FE757CD92B86722300C214B1 /* ViewModel */ = {
			isa = PBXGroup;
			children = (
				FE757CDA2B86723300C214B1 /* MainViewModel.swift */,
				FE757CE22B87C91500C214B1 /* MovieCellViewModel.swift */,
				FE757CDE2B86814D00C214B1 /* MovieDetailViewModel.swift */,
			);
			path = ViewModel;
			sourceTree = "<group>";
		};
/* End PBXGroup section */

/* Begin PBXNativeTarget section */
		FE757CB82B866B9A00C214B1 /* MovieApp */ = {
			isa = PBXNativeTarget;
			buildConfigurationList = FE757CCD2B866B9F00C214B1 /* Build configuration list for PBXNativeTarget "MovieApp" */;
			buildPhases = (
				FE757CB52B866B9A00C214B1 /* Sources */,
				FE757CB62B866B9A00C214B1 /* Frameworks */,
				FE757CB72B866B9A00C214B1 /* Resources */,
			);
			buildRules = (
			);
			dependencies = (
			);
			name = MovieApp;
			productName = MovieApp;
			productReference = FE757CB92B866B9A00C214B1 /* MovieApp.app */;
			productType = "com.apple.product-type.application";
		};
/* End PBXNativeTarget section */

/* Begin PBXProject section */
		FE757CB12B866B9A00C214B1 /* Project object */ = {
			isa = PBXProject;
			attributes = {
				BuildIndependentTargetsInParallel = 1;
				LastSwiftUpdateCheck = 1520;
				LastUpgradeCheck = 1520;
				TargetAttributes = {
					FE757CB82B866B9A00C214B1 = {
						CreatedOnToolsVersion = 15.2;
					};
				};
			};
			buildConfigurationList = FE757CB42B866B9A00C214B1 /* Build configuration list for PBXProject "MovieApp" */;
			compatibilityVersion = "Xcode 14.0";
			developmentRegion = en;
			hasScannedForEncodings = 0;
			knownRegions = (
				en,
				Base,
			);
			mainGroup = FE757CB02B866B9A00C214B1;
			productRefGroup = FE757CBA2B866B9A00C214B1 /* Products */;
			projectDirPath = "";
			projectRoot = "";
			targets = (
				FE757CB82B866B9A00C214B1 /* MovieApp */,
			);
		};
/* End PBXProject section */

/* Begin PBXResourcesBuildPhase section */
		FE757CB72B866B9A00C214B1 /* Resources */ = {
			isa = PBXResourcesBuildPhase;
			buildActionMask = 2147483647;
			files = (
				FE757CC92B866B9F00C214B1 /* LaunchScreen.storyboard in Resources */,
				FE757CC62B866B9F00C214B1 /* Assets.xcassets in Resources */,
				FE757CC42B866B9A00C214B1 /* Main.storyboard in Resources */,
			);
			runOnlyForDeploymentPostprocessing = 0;
		};
/* End PBXResourcesBuildPhase section */

/* Begin PBXSourcesBuildPhase section */
		FE757CB52B866B9A00C214B1 /* Sources */ = {
			isa = PBXSourcesBuildPhase;
			buildActionMask = 2147483647;
			files = (
				FE757CE32B87C91500C214B1 /* MovieCellViewModel.swift in Sources */,
				FE757CDB2B86723300C214B1 /* MainViewModel.swift in Sources */,
				FE757CD22B866BBB00C214B1 /* Coordinator.swift in Sources */,
				FE757CDD2B86739200C214B1 /* MovieCell.swift in Sources */,
				FE757CC12B866B9A00C214B1 /* ViewController.swift in Sources */,
				FE757CDF2B86814D00C214B1 /* MovieDetailViewModel.swift in Sources */,
				FE757CD82B866DBE00C214B1 /* Movie.swift in Sources */,
				FE757CE12B86BDB000C214B1 /* MovieDetailViewController.swift in Sources */,
				FE757CBD2B866B9A00C214B1 /* AppDelegate.swift in Sources */,
				FE757CD42B866BE400C214B1 /* MainCoordinator.swift in Sources */,
				FE757CBF2B866B9A00C214B1 /* SceneDelegate.swift in Sources */,
			);
			runOnlyForDeploymentPostprocessing = 0;
		};
/* End PBXSourcesBuildPhase section */

/* Begin PBXVariantGroup section */
		FE757CC22B866B9A00C214B1 /* Main.storyboard */ = {
			isa = PBXVariantGroup;
			children = (
				FE757CC32B866B9A00C214B1 /* Base */,
			);
			name = Main.storyboard;
			sourceTree = "<group>";
		};
		FE757CC72B866B9F00C214B1 /* LaunchScreen.storyboard */ = {
			isa = PBXVariantGroup;
			children = (
				FE757CC82B866B9F00C214B1 /* Base */,
			);
			name = LaunchScreen.storyboard;
			sourceTree = "<group>";
		};
/* End PBXVariantGroup section */

/* Begin XCBuildConfiguration section */
		FE757CCB2B866B9F00C214B1 /* Debug */ = {
			isa = XCBuildConfiguration;
			buildSettings = {
				ALWAYS_SEARCH_USER_PATHS = NO;
				ASSETCATALOG_COMPILER_GENERATE_SWIFT_ASSET_SYMBOL_EXTENSIONS = YES;
				CLANG_ANALYZER_NONNULL = YES;
				CLANG_ANALYZER_NUMBER_OBJECT_CONVERSION = YES_AGGRESSIVE;
				CLANG_CXX_LANGUAGE_STANDARD = "gnu++20";
				CLANG_ENABLE_MODULES = YES;
				CLANG_ENABLE_OBJC_ARC = YES;
				CLANG_ENABLE_OBJC_WEAK = YES;
				CLANG_WARN_BLOCK_CAPTURE_AUTORELEASING = YES;
				CLANG_WARN_BOOL_CONVERSION = YES;
				CLANG_WARN_COMMA = YES;
				CLANG_WARN_CONSTANT_CONVERSION = YES;
				CLANG_WARN_DEPRECATED_OBJC_IMPLEMENTATIONS = YES;
				CLANG_WARN_DIRECT_OBJC_ISA_USAGE = YES_ERROR;
				CLANG_WARN_DOCUMENTATION_COMMENTS = YES;
				CLANG_WARN_EMPTY_BODY = YES;
				CLANG_WARN_ENUM_CONVERSION = YES;
				CLANG_WARN_INFINITE_RECURSION = YES;
				CLANG_WARN_INT_CONVERSION = YES;
				CLANG_WARN_NON_LITERAL_NULL_CONVERSION = YES;
				CLANG_WARN_OBJC_IMPLICIT_RETAIN_SELF = YES;
				CLANG_WARN_OBJC_LITERAL_CONVERSION = YES;
				CLANG_WARN_OBJC_ROOT_CLASS = YES_ERROR;
				CLANG_WARN_QUOTED_INCLUDE_IN_FRAMEWORK_HEADER = YES;
				CLANG_WARN_RANGE_LOOP_ANALYSIS = YES;
				CLANG_WARN_STRICT_PROTOTYPES = YES;
				CLANG_WARN_SUSPICIOUS_MOVE = YES;
				CLANG_WARN_UNGUARDED_AVAILABILITY = YES_AGGRESSIVE;
				CLANG_WARN_UNREACHABLE_CODE = YES;
				CLANG_WARN__DUPLICATE_METHOD_MATCH = YES;
				COPY_PHASE_STRIP = NO;
				DEBUG_INFORMATION_FORMAT = dwarf;
				ENABLE_STRICT_OBJC_MSGSEND = YES;
				ENABLE_TESTABILITY = YES;
				ENABLE_USER_SCRIPT_SANDBOXING = YES;
				GCC_C_LANGUAGE_STANDARD = gnu17;
				GCC_DYNAMIC_NO_PIC = NO;
				GCC_NO_COMMON_BLOCKS = YES;
				GCC_OPTIMIZATION_LEVEL = 0;
				GCC_PREPROCESSOR_DEFINITIONS = (
					"DEBUG=1",
					"$(inherited)",
				);
				GCC_WARN_64_TO_32_BIT_CONVERSION = YES;
				GCC_WARN_ABOUT_RETURN_TYPE = YES_ERROR;
				GCC_WARN_UNDECLARED_SELECTOR = YES;
				GCC_WARN_UNINITIALIZED_AUTOS = YES_AGGRESSIVE;
				GCC_WARN_UNUSED_FUNCTION = YES;
				GCC_WARN_UNUSED_VARIABLE = YES;
				IPHONEOS_DEPLOYMENT_TARGET = 17.2;
				LOCALIZATION_PREFERS_STRING_CATALOGS = YES;
				MTL_ENABLE_DEBUG_INFO = INCLUDE_SOURCE;
				MTL_FAST_MATH = YES;
				ONLY_ACTIVE_ARCH = YES;
				SDKROOT = iphoneos;
				SWIFT_ACTIVE_COMPILATION_CONDITIONS = "DEBUG $(inherited)";
				SWIFT_OPTIMIZATION_LEVEL = "-Onone";
			};
			name = Debug;
		};
		FE757CCC2B866B9F00C214B1 /* Release */ = {
			isa = XCBuildConfiguration;
			buildSettings = {
				ALWAYS_SEARCH_USER_PATHS = NO;
				ASSETCATALOG_COMPILER_GENERATE_SWIFT_ASSET_SYMBOL_EXTENSIONS = YES;
				CLANG_ANALYZER_NONNULL = YES;
				CLANG_ANALYZER_NUMBER_OBJECT_CONVERSION = YES_AGGRESSIVE;
				CLANG_CXX_LANGUAGE_STANDARD = "gnu++20";
				CLANG_ENABLE_MODULES = YES;
				CLANG_ENABLE_OBJC_ARC = YES;
				CLANG_ENABLE_OBJC_WEAK = YES;
				CLANG_WARN_BLOCK_CAPTURE_AUTORELEASING = YES;
				CLANG_WARN_BOOL_CONVERSION = YES;
				CLANG_WARN_COMMA = YES;
				CLANG_WARN_CONSTANT_CONVERSION = YES;
				CLANG_WARN_DEPRECATED_OBJC_IMPLEMENTATIONS = YES;
				CLANG_WARN_DIRECT_OBJC_ISA_USAGE = YES_ERROR;
				CLANG_WARN_DOCUMENTATION_COMMENTS = YES;
				CLANG_WARN_EMPTY_BODY = YES;
				CLANG_WARN_ENUM_CONVERSION = YES;
				CLANG_WARN_INFINITE_RECURSION = YES;
				CLANG_WARN_INT_CONVERSION = YES;
				CLANG_WARN_NON_LITERAL_NULL_CONVERSION = YES;
				CLANG_WARN_OBJC_IMPLICIT_RETAIN_SELF = YES;
				CLANG_WARN_OBJC_LITERAL_CONVERSION = YES;
				CLANG_WARN_OBJC_ROOT_CLASS = YES_ERROR;
				CLANG_WARN_QUOTED_INCLUDE_IN_FRAMEWORK_HEADER = YES;
				CLANG_WARN_RANGE_LOOP_ANALYSIS = YES;
				CLANG_WARN_STRICT_PROTOTYPES = YES;
				CLANG_WARN_SUSPICIOUS_MOVE = YES;
				CLANG_WARN_UNGUARDED_AVAILABILITY = YES_AGGRESSIVE;
				CLANG_WARN_UNREACHABLE_CODE = YES;
				CLANG_WARN__DUPLICATE_METHOD_MATCH = YES;
				COPY_PHASE_STRIP = NO;
				DEBUG_INFORMATION_FORMAT = "dwarf-with-dsym";
				ENABLE_NS_ASSERTIONS = NO;
				ENABLE_STRICT_OBJC_MSGSEND = YES;
				ENABLE_USER_SCRIPT_SANDBOXING = YES;
				GCC_C_LANGUAGE_STANDARD = gnu17;
				GCC_NO_COMMON_BLOCKS = YES;
				GCC_WARN_64_TO_32_BIT_CONVERSION = YES;
				GCC_WARN_ABOUT_RETURN_TYPE = YES_ERROR;
				GCC_WARN_UNDECLARED_SELECTOR = YES;
				GCC_WARN_UNINITIALIZED_AUTOS = YES_AGGRESSIVE;
				GCC_WARN_UNUSED_FUNCTION = YES;
				GCC_WARN_UNUSED_VARIABLE = YES;
				IPHONEOS_DEPLOYMENT_TARGET = 17.2;
				LOCALIZATION_PREFERS_STRING_CATALOGS = YES;
				MTL_ENABLE_DEBUG_INFO = NO;
				MTL_FAST_MATH = YES;
				SDKROOT = iphoneos;
				SWIFT_COMPILATION_MODE = wholemodule;
				VALIDATE_PRODUCT = YES;
			};
			name = Release;
		};
		FE757CCE2B866B9F00C214B1 /* Debug */ = {
			isa = XCBuildConfiguration;
			buildSettings = {
				ASSETCATALOG_COMPILER_APPICON_NAME = AppIcon;
				ASSETCATALOG_COMPILER_GLOBAL_ACCENT_COLOR_NAME = AccentColor;
				CODE_SIGN_STYLE = Automatic;
				CURRENT_PROJECT_VERSION = 1;
				GENERATE_INFOPLIST_FILE = YES;
				INFOPLIST_FILE = MovieApp/Info.plist;
				INFOPLIST_KEY_UIApplicationSupportsIndirectInputEvents = YES;
				INFOPLIST_KEY_UILaunchStoryboardName = LaunchScreen;
				INFOPLIST_KEY_UIMainStoryboardFile = Main;
				INFOPLIST_KEY_UISupportedInterfaceOrientations_iPad = "UIInterfaceOrientationPortrait UIInterfaceOrientationPortraitUpsideDown UIInterfaceOrientationLandscapeLeft UIInterfaceOrientationLandscapeRight";
				INFOPLIST_KEY_UISupportedInterfaceOrientations_iPhone = "UIInterfaceOrientationPortrait UIInterfaceOrientationLandscapeLeft UIInterfaceOrientationLandscapeRight";
				LD_RUNPATH_SEARCH_PATHS = (
					"$(inherited)",
					"@executable_path/Frameworks",
				);
				MARKETING_VERSION = 1.0;
				PRODUCT_BUNDLE_IDENTIFIER = pin.lu.MovieApp;
				PRODUCT_NAME = "$(TARGET_NAME)";
				SWIFT_EMIT_LOC_STRINGS = YES;
				SWIFT_VERSION = 5.0;
				TARGETED_DEVICE_FAMILY = "1,2";
			};
			name = Debug;
		};
		FE757CCF2B866B9F00C214B1 /* Release */ = {
			isa = XCBuildConfiguration;
			buildSettings = {
				ASSETCATALOG_COMPILER_APPICON_NAME = AppIcon;
				ASSETCATALOG_COMPILER_GLOBAL_ACCENT_COLOR_NAME = AccentColor;
				CODE_SIGN_STYLE = Automatic;
				CURRENT_PROJECT_VERSION = 1;
				GENERATE_INFOPLIST_FILE = YES;
				INFOPLIST_FILE = MovieApp/Info.plist;
				INFOPLIST_KEY_UIApplicationSupportsIndirectInputEvents = YES;
				INFOPLIST_KEY_UILaunchStoryboardName = LaunchScreen;
				INFOPLIST_KEY_UIMainStoryboardFile = Main;
				INFOPLIST_KEY_UISupportedInterfaceOrientations_iPad = "UIInterfaceOrientationPortrait UIInterfaceOrientationPortraitUpsideDown UIInterfaceOrientationLandscapeLeft UIInterfaceOrientationLandscapeRight";
				INFOPLIST_KEY_UISupportedInterfaceOrientations_iPhone = "UIInterfaceOrientationPortrait UIInterfaceOrientationLandscapeLeft UIInterfaceOrientationLandscapeRight";
				LD_RUNPATH_SEARCH_PATHS = (
					"$(inherited)",
					"@executable_path/Frameworks",
				);
				MARKETING_VERSION = 1.0;
				PRODUCT_BUNDLE_IDENTIFIER = pin.lu.MovieApp;
				PRODUCT_NAME = "$(TARGET_NAME)";
				SWIFT_EMIT_LOC_STRINGS = YES;
				SWIFT_VERSION = 5.0;
				TARGETED_DEVICE_FAMILY = "1,2";
			};
			name = Release;
		};
/* End XCBuildConfiguration section */

/* Begin XCConfigurationList section */
		FE757CB42B866B9A00C214B1 /* Build configuration list for PBXProject "MovieApp" */ = {
			isa = XCConfigurationList;
			buildConfigurations = (
				FE757CCB2B866B9F00C214B1 /* Debug */,
				FE757CCC2B866B9F00C214B1 /* Release */,
			);
			defaultConfigurationIsVisible = 0;
			defaultConfigurationName = Release;
		};
		FE757CCD2B866B9F00C214B1 /* Build configuration list for PBXNativeTarget "MovieApp" */ = {
			isa = XCConfigurationList;
			buildConfigurations = (
				FE757CCE2B866B9F00C214B1 /* Debug */,
				FE757CCF2B866B9F00C214B1 /* Release */,
			);
			defaultConfigurationIsVisible = 0;
			defaultConfigurationName = Release;
		};
/* End XCConfigurationList section */
	};
	rootObject = FE757CB12B866B9A00C214B1 /* Project object */;
}
